
Microsoft Visual Studio Solution File, Format Version 12.00
Project("{2150E333-8FDC-42A3-9474-1A3956D46DE8}") = "Kernel", "Kernel", "{1A76E3B7-D0CE-4832-AE18-5B980C318838}"
EndProject
Project("{FAE04EC0-301F-11D3-BF4B-00C04F79EFBC}") = "Common", "Common\Common.csproj", "{1FDD972C-CD8E-46DE-8E26-B31A1F56F008}"
EndProject
Project("{2150E333-8FDC-42A3-9474-1A3956D46DE8}") = "Generators", "Generators", "{0C08991F-BC89-4D6F-8851-D66C820995A0}"
EndProject
Project("{FAE04EC0-301F-11D3-BF4B-00C04F79EFBC}") = "BootStrap", "BootStrap\BootStrap.csproj", "{B33D94CE-9F41-44A7-8CFE-7454BCB44B74}"
EndProject
Project("{FAE04EC0-301F-11D3-BF4B-00C04F79EFBC}") = "Core", "Kenel\Core\Core.csproj", "{C99C483A-3E88-4305-B815-18F44D10F347}"
EndProject
Project("{FAE04EC0-301F-11D3-BF4B-00C04F79EFBC}") = "ComponentGenerator", "Generators\ComponentGenerator\ComponentGenerator.csproj", "{AA4EFAAD-9D7D-4165-BA0D-9294FC6D890B}"
EndProject
Project("{FAE04EC0-301F-11D3-BF4B-00C04F79EFBC}") = "EntityGenerator", "Generators\EntityGenerator\EntityGenerator.csproj", "{11A9D451-DEF0-433B-B89E-9F462E031B71}"
EndProject
Project("{FAE04EC0-301F-11D3-BF4B-00C04F79EFBC}") = "RpcGenerator", "Generators\RpcGenerator\RpcGenerator.csproj", "{23E554B5-0C70-40EB-8737-79381C6D4BF6}"
EndProject
Project("{2150E333-8FDC-42A3-9474-1A3956D46DE8}") = "Services", "Services", "{01033CA0-0CAF-4A32-938E-A31549DB534E}"
EndProject
Project("{FAE04EC0-301F-11D3-BF4B-00C04F79EFBC}") = "ConnService", "Services\ConnService\ConnService.csproj", "{7C596349-D139-42F6-9B03-B227A8B3E9CC}"
EndProject
Project("{FAE04EC0-301F-11D3-BF4B-00C04F79EFBC}") = "DBService", "Services\DBService\DBService.csproj", "{2AADC672-4133-4BF2-B00C-E63EA2D96E50}"
EndProject
Project("{FAE04EC0-301F-11D3-BF4B-00C04F79EFBC}") = "SceneService", "Services\SceneService\SceneService.csproj", "{6FE22E73-9D1F-40FC-B980-28153AE4D329}"
EndProject
Project("{FAE04EC0-301F-11D3-BF4B-00C04F79EFBC}") = "GameService", "Services\GameService\GameService.csproj", "{D60997E3-4FE8-417D-B523-10CB8AF0F3FE}"
EndProject
Project("{FAE04EC0-301F-11D3-BF4B-00C04F79EFBC}") = "MatchService", "Services\MatchService\MatchService.csproj", "{8CDC90FF-B9CD-4168-8660-024D44E30399}"
EndProject
Project("{FAE04EC0-301F-11D3-BF4B-00C04F79EFBC}") = "SceneGlobalService", "Services\SceneGlobalService\SceneGlobalService.csproj", "{5809DFD8-0969-4393-A77A-706C113CC840}"
EndProject
Project("{2150E333-8FDC-42A3-9474-1A3956D46DE8}") = "Tests", "Tests", "{1D5C7B92-C0FF-45EB-84B3-3530CA8B72A5}"
EndProject
Project("{FAE04EC0-301F-11D3-BF4B-00C04F79EFBC}") = "NettyClient", "NettyClient\NettyClient.csproj", "{45A2CC30-A662-4A7E-86E6-6FA32CE742E6}"
EndProject
Global
	GlobalSection(SolutionConfigurationPlatforms) = preSolution
		Debug|Any CPU = Debug|Any CPU
		Release|Any CPU = Release|Any CPU
	EndGlobalSection
	GlobalSection(ProjectConfigurationPlatforms) = postSolution
		{1FDD972C-CD8E-46DE-8E26-B31A1F56F008}.Debug|Any CPU.ActiveCfg = Debug|Any CPU
		{1FDD972C-CD8E-46DE-8E26-B31A1F56F008}.Debug|Any CPU.Build.0 = Debug|Any CPU
		{1FDD972C-CD8E-46DE-8E26-B31A1F56F008}.Release|Any CPU.ActiveCfg = Release|Any CPU
		{1FDD972C-CD8E-46DE-8E26-B31A1F56F008}.Release|Any CPU.Build.0 = Release|Any CPU
		{B33D94CE-9F41-44A7-8CFE-7454BCB44B74}.Debug|Any CPU.ActiveCfg = Debug|Any CPU
		{B33D94CE-9F41-44A7-8CFE-7454BCB44B74}.Debug|Any CPU.Build.0 = Debug|Any CPU
		{B33D94CE-9F41-44A7-8CFE-7454BCB44B74}.Release|Any CPU.ActiveCfg = Release|Any CPU
		{B33D94CE-9F41-44A7-8CFE-7454BCB44B74}.Release|Any CPU.Build.0 = Release|Any CPU
		{C99C483A-3E88-4305-B815-18F44D10F347}.Debug|Any CPU.ActiveCfg = Debug|Any CPU
		{C99C483A-3E88-4305-B815-18F44D10F347}.Debug|Any CPU.Build.0 = Debug|Any CPU
		{C99C483A-3E88-4305-B815-18F44D10F347}.Release|Any CPU.ActiveCfg = Release|Any CPU
		{C99C483A-3E88-4305-B815-18F44D10F347}.Release|Any CPU.Build.0 = Release|Any CPU
		{AA4EFAAD-9D7D-4165-BA0D-9294FC6D890B}.Debug|Any CPU.ActiveCfg = Debug|Any CPU
		{AA4EFAAD-9D7D-4165-BA0D-9294FC6D890B}.Debug|Any CPU.Build.0 = Debug|Any CPU
		{AA4EFAAD-9D7D-4165-BA0D-9294FC6D890B}.Release|Any CPU.ActiveCfg = Release|Any CPU
		{AA4EFAAD-9D7D-4165-BA0D-9294FC6D890B}.Release|Any CPU.Build.0 = Release|Any CPU
		{11A9D451-DEF0-433B-B89E-9F462E031B71}.Debug|Any CPU.ActiveCfg = Debug|Any CPU
		{11A9D451-DEF0-433B-B89E-9F462E031B71}.Debug|Any CPU.Build.0 = Debug|Any CPU
		{11A9D451-DEF0-433B-B89E-9F462E031B71}.Release|Any CPU.ActiveCfg = Release|Any CPU
		{11A9D451-DEF0-433B-B89E-9F462E031B71}.Release|Any CPU.Build.0 = Release|Any CPU
		{23E554B5-0C70-40EB-8737-79381C6D4BF6}.Debug|Any CPU.ActiveCfg = Debug|Any CPU
		{23E554B5-0C70-40EB-8737-79381C6D4BF6}.Debug|Any CPU.Build.0 = Debug|Any CPU
		{23E554B5-0C70-40EB-8737-79381C6D4BF6}.Release|Any CPU.ActiveCfg = Release|Any CPU
		{23E554B5-0C70-40EB-8737-79381C6D4BF6}.Release|Any CPU.Build.0 = Release|Any CPU
		{7C596349-D139-42F6-9B03-B227A8B3E9CC}.Debug|Any CPU.ActiveCfg = Debug|Any CPU
		{7C596349-D139-42F6-9B03-B227A8B3E9CC}.Debug|Any CPU.Build.0 = Debug|Any CPU
		{7C596349-D139-42F6-9B03-B227A8B3E9CC}.Release|Any CPU.ActiveCfg = Release|Any CPU
		{7C596349-D139-42F6-9B03-B227A8B3E9CC}.Release|Any CPU.Build.0 = Release|Any CPU
		{2AADC672-4133-4BF2-B00C-E63EA2D96E50}.Debug|Any CPU.ActiveCfg = Debug|Any CPU
		{2AADC672-4133-4BF2-B00C-E63EA2D96E50}.Debug|Any CPU.Build.0 = Debug|Any CPU
		{2AADC672-4133-4BF2-B00C-E63EA2D96E50}.Release|Any CPU.ActiveCfg = Release|Any CPU
		{2AADC672-4133-4BF2-B00C-E63EA2D96E50}.Release|Any CPU.Build.0 = Release|Any CPU
		{6FE22E73-9D1F-40FC-B980-28153AE4D329}.Debug|Any CPU.ActiveCfg = Debug|Any CPU
		{6FE22E73-9D1F-40FC-B980-28153AE4D329}.Debug|Any CPU.Build.0 = Debug|Any CPU
		{6FE22E73-9D1F-40FC-B980-28153AE4D329}.Release|Any CPU.ActiveCfg = Release|Any CPU
		{6FE22E73-9D1F-40FC-B980-28153AE4D329}.Release|Any CPU.Build.0 = Release|Any CPU
		{D60997E3-4FE8-417D-B523-10CB8AF0F3FE}.Debug|Any CPU.ActiveCfg = Debug|Any CPU
		{D60997E3-4FE8-417D-B523-10CB8AF0F3FE}.Debug|Any CPU.Build.0 = Debug|Any CPU
		{D60997E3-4FE8-417D-B523-10CB8AF0F3FE}.Release|Any CPU.ActiveCfg = Release|Any CPU
		{D60997E3-4FE8-417D-B523-10CB8AF0F3FE}.Release|Any CPU.Build.0 = Release|Any CPU
		{8CDC90FF-B9CD-4168-8660-024D44E30399}.Debug|Any CPU.ActiveCfg = Debug|Any CPU
		{8CDC90FF-B9CD-4168-8660-024D44E30399}.Debug|Any CPU.Build.0 = Debug|Any CPU
		{8CDC90FF-B9CD-4168-8660-024D44E30399}.Release|Any CPU.ActiveCfg = Release|Any CPU
		{8CDC90FF-B9CD-4168-8660-024D44E30399}.Release|Any CPU.Build.0 = Release|Any CPU
		{5809DFD8-0969-4393-A77A-706C113CC840}.Debug|Any CPU.ActiveCfg = Debug|Any CPU
		{5809DFD8-0969-4393-A77A-706C113CC840}.Debug|Any CPU.Build.0 = Debug|Any CPU
		{5809DFD8-0969-4393-A77A-706C113CC840}.Release|Any CPU.ActiveCfg = Release|Any CPU
		{5809DFD8-0969-4393-A77A-706C113CC840}.Release|Any CPU.Build.0 = Release|Any CPU
		{45A2CC30-A662-4A7E-86E6-6FA32CE742E6}.Debug|Any CPU.ActiveCfg = Debug|Any CPU
		{45A2CC30-A662-4A7E-86E6-6FA32CE742E6}.Debug|Any CPU.Build.0 = Debug|Any CPU
		{45A2CC30-A662-4A7E-86E6-6FA32CE742E6}.Release|Any CPU.ActiveCfg = Release|Any CPU
		{45A2CC30-A662-4A7E-86E6-6FA32CE742E6}.Release|Any CPU.Build.0 = Release|Any CPU
	EndGlobalSection
	GlobalSection(NestedProjects) = preSolution
		{C99C483A-3E88-4305-B815-18F44D10F347} = {1A76E3B7-D0CE-4832-AE18-5B980C318838}
		{AA4EFAAD-9D7D-4165-BA0D-9294FC6D890B} = {0C08991F-BC89-4D6F-8851-D66C820995A0}
		{11A9D451-DEF0-433B-B89E-9F462E031B71} = {0C08991F-BC89-4D6F-8851-D66C820995A0}
		{23E554B5-0C70-40EB-8737-79381C6D4BF6} = {0C08991F-BC89-4D6F-8851-D66C820995A0}
		{7C596349-D139-42F6-9B03-B227A8B3E9CC} = {01033CA0-0CAF-4A32-938E-A31549DB534E}
		{2AADC672-4133-4BF2-B00C-E63EA2D96E50} = {01033CA0-0CAF-4A32-938E-A31549DB534E}
		{6FE22E73-9D1F-40FC-B980-28153AE4D329} = {01033CA0-0CAF-4A32-938E-A31549DB534E}
		{D60997E3-4FE8-417D-B523-10CB8AF0F3FE} = {01033CA0-0CAF-4A32-938E-A31549DB534E}
		{8CDC90FF-B9CD-4168-8660-024D44E30399} = {01033CA0-0CAF-4A32-938E-A31549DB534E}
		{5809DFD8-0969-4393-A77A-706C113CC840} = {01033CA0-0CAF-4A32-938E-A31549DB534E}
		{45A2CC30-A662-4A7E-86E6-6FA32CE742E6} = {1D5C7B92-C0FF-45EB-84B3-3530CA8B72A5}
	EndGlobalSection
EndGlobal
