
Microsoft Visual Studio Solution File, Format Version 12.00
Project("{2150E333-8FDC-42A3-9474-1A3956D46DE8}") = "Kernel", "Kernel", "{1A76E3B7-D0CE-4832-AE18-5B980C318838}"
EndProject
Project("{FAE04EC0-301F-11D3-BF4B-00C04F79EFBC}") = "Core", "Core\Core.csproj", "{24751721-2C4C-4AEF-9CF4-75D1B95C2188}"
EndProject
Project("{FAE04EC0-301F-11D3-BF4B-00C04F79EFBC}") = "Common", "Common\Common.csproj", "{1FDD972C-CD8E-46DE-8E26-B31A1F56F008}"
EndProject
Project("{FAE04EC0-301F-11D3-BF4B-00C04F79EFBC}") = "ConnService", "ConnService\ConnService.csproj", "{28CCBB99-1A5D-40E0-AE72-9102AFA75A68}"
EndProject
Project("{FAE04EC0-301F-11D3-BF4B-00C04F79EFBC}") = "SceneService", "SceneService\SceneService.csproj", "{419392D3-A39E-483B-9637-13F69D65DA65}"
EndProject
Project("{FAE04EC0-301F-11D3-BF4B-00C04F79EFBC}") = "DBService", "DBService\DBService.csproj", "{F750BE2E-3057-41BF-94E7-EA9CC737C4BC}"
EndProject
Project("{FAE04EC0-301F-11D3-BF4B-00C04F79EFBC}") = "LogicService", "LogicService\LogicService.csproj", "{F5FCF876-3441-4166-A3FC-7F3700184C88}"
EndProject
Project("{2150E333-8FDC-42A3-9474-1A3956D46DE8}") = "Generator", "Generator", "{0C08991F-BC89-4D6F-8851-D66C820995A0}"
EndProject
Project("{FAE04EC0-301F-11D3-BF4B-00C04F79EFBC}") = "RpcGenerator", "RpcGenerator\RpcGenerator.csproj", "{04C0A707-B481-487D-BAFD-74FAD1A79945}"
EndProject
Project("{FAE04EC0-301F-11D3-BF4B-00C04F79EFBC}") = "EntityGenerator", "EntityGenerator\EntityGenerator.csproj", "{641F92D9-9528-45D6-9575-EB4DF7466FE1}"
EndProject
Project("{FAE04EC0-301F-11D3-BF4B-00C04F79EFBC}") = "ComponentGenerator", "ComponentGenerator\ComponentGenerator.csproj", "{1B597A1B-8B4D-4844-AD1D-C2D740E6D3E5}"
EndProject
Project("{FAE04EC0-301F-11D3-BF4B-00C04F79EFBC}") = "BootStrap", "BootStrap\BootStrap.csproj", "{B33D94CE-9F41-44A7-8CFE-7454BCB44B74}"
EndProject
Global
	GlobalSection(SolutionConfigurationPlatforms) = preSolution
		Debug|Any CPU = Debug|Any CPU
		Release|Any CPU = Release|Any CPU
	EndGlobalSection
	GlobalSection(ProjectConfigurationPlatforms) = postSolution
		{24751721-2C4C-4AEF-9CF4-75D1B95C2188}.Debug|Any CPU.ActiveCfg = Debug|Any CPU
		{24751721-2C4C-4AEF-9CF4-75D1B95C2188}.Debug|Any CPU.Build.0 = Debug|Any CPU
		{24751721-2C4C-4AEF-9CF4-75D1B95C2188}.Release|Any CPU.ActiveCfg = Release|Any CPU
		{24751721-2C4C-4AEF-9CF4-75D1B95C2188}.Release|Any CPU.Build.0 = Release|Any CPU
		{1FDD972C-CD8E-46DE-8E26-B31A1F56F008}.Debug|Any CPU.ActiveCfg = Debug|Any CPU
		{1FDD972C-CD8E-46DE-8E26-B31A1F56F008}.Debug|Any CPU.Build.0 = Debug|Any CPU
		{1FDD972C-CD8E-46DE-8E26-B31A1F56F008}.Release|Any CPU.ActiveCfg = Release|Any CPU
		{1FDD972C-CD8E-46DE-8E26-B31A1F56F008}.Release|Any CPU.Build.0 = Release|Any CPU
		{28CCBB99-1A5D-40E0-AE72-9102AFA75A68}.Debug|Any CPU.ActiveCfg = Debug|Any CPU
		{28CCBB99-1A5D-40E0-AE72-9102AFA75A68}.Debug|Any CPU.Build.0 = Debug|Any CPU
		{28CCBB99-1A5D-40E0-AE72-9102AFA75A68}.Release|Any CPU.ActiveCfg = Release|Any CPU
		{28CCBB99-1A5D-40E0-AE72-9102AFA75A68}.Release|Any CPU.Build.0 = Release|Any CPU
		{419392D3-A39E-483B-9637-13F69D65DA65}.Debug|Any CPU.ActiveCfg = Debug|Any CPU
		{419392D3-A39E-483B-9637-13F69D65DA65}.Debug|Any CPU.Build.0 = Debug|Any CPU
		{419392D3-A39E-483B-9637-13F69D65DA65}.Release|Any CPU.ActiveCfg = Release|Any CPU
		{419392D3-A39E-483B-9637-13F69D65DA65}.Release|Any CPU.Build.0 = Release|Any CPU
		{F750BE2E-3057-41BF-94E7-EA9CC737C4BC}.Debug|Any CPU.ActiveCfg = Debug|Any CPU
		{F750BE2E-3057-41BF-94E7-EA9CC737C4BC}.Debug|Any CPU.Build.0 = Debug|Any CPU
		{F750BE2E-3057-41BF-94E7-EA9CC737C4BC}.Release|Any CPU.ActiveCfg = Release|Any CPU
		{F750BE2E-3057-41BF-94E7-EA9CC737C4BC}.Release|Any CPU.Build.0 = Release|Any CPU
		{F5FCF876-3441-4166-A3FC-7F3700184C88}.Debug|Any CPU.ActiveCfg = Debug|Any CPU
		{F5FCF876-3441-4166-A3FC-7F3700184C88}.Debug|Any CPU.Build.0 = Debug|Any CPU
		{F5FCF876-3441-4166-A3FC-7F3700184C88}.Release|Any CPU.ActiveCfg = Release|Any CPU
		{F5FCF876-3441-4166-A3FC-7F3700184C88}.Release|Any CPU.Build.0 = Release|Any CPU
		{04C0A707-B481-487D-BAFD-74FAD1A79945}.Debug|Any CPU.ActiveCfg = Debug|Any CPU
		{04C0A707-B481-487D-BAFD-74FAD1A79945}.Debug|Any CPU.Build.0 = Debug|Any CPU
		{04C0A707-B481-487D-BAFD-74FAD1A79945}.Release|Any CPU.ActiveCfg = Release|Any CPU
		{04C0A707-B481-487D-BAFD-74FAD1A79945}.Release|Any CPU.Build.0 = Release|Any CPU
		{641F92D9-9528-45D6-9575-EB4DF7466FE1}.Debug|Any CPU.ActiveCfg = Debug|Any CPU
		{641F92D9-9528-45D6-9575-EB4DF7466FE1}.Debug|Any CPU.Build.0 = Debug|Any CPU
		{641F92D9-9528-45D6-9575-EB4DF7466FE1}.Release|Any CPU.ActiveCfg = Release|Any CPU
		{641F92D9-9528-45D6-9575-EB4DF7466FE1}.Release|Any CPU.Build.0 = Release|Any CPU
		{1B597A1B-8B4D-4844-AD1D-C2D740E6D3E5}.Debug|Any CPU.ActiveCfg = Debug|Any CPU
		{1B597A1B-8B4D-4844-AD1D-C2D740E6D3E5}.Debug|Any CPU.Build.0 = Debug|Any CPU
		{1B597A1B-8B4D-4844-AD1D-C2D740E6D3E5}.Release|Any CPU.ActiveCfg = Release|Any CPU
		{1B597A1B-8B4D-4844-AD1D-C2D740E6D3E5}.Release|Any CPU.Build.0 = Release|Any CPU
		{B33D94CE-9F41-44A7-8CFE-7454BCB44B74}.Debug|Any CPU.ActiveCfg = Debug|Any CPU
		{B33D94CE-9F41-44A7-8CFE-7454BCB44B74}.Debug|Any CPU.Build.0 = Debug|Any CPU
		{B33D94CE-9F41-44A7-8CFE-7454BCB44B74}.Release|Any CPU.ActiveCfg = Release|Any CPU
		{B33D94CE-9F41-44A7-8CFE-7454BCB44B74}.Release|Any CPU.Build.0 = Release|Any CPU
	EndGlobalSection
	GlobalSection(NestedProjects) = preSolution
		{24751721-2C4C-4AEF-9CF4-75D1B95C2188} = {1A76E3B7-D0CE-4832-AE18-5B980C318838}
		{04C0A707-B481-487D-BAFD-74FAD1A79945} = {0C08991F-BC89-4D6F-8851-D66C820995A0}
		{641F92D9-9528-45D6-9575-EB4DF7466FE1} = {0C08991F-BC89-4D6F-8851-D66C820995A0}
		{1B597A1B-8B4D-4844-AD1D-C2D740E6D3E5} = {0C08991F-BC89-4D6F-8851-D66C820995A0}
	EndGlobalSection
EndGlobal
